
Microsoft Visual Studio Solution File, Format Version 12.00
# Visual Studio Version 17
VisualStudioVersion = 17.4.33213.308
MinimumVisualStudioVersion = 10.0.40219.1
Project("{FAE04EC0-301F-11D3-BF4B-00C04F79EFBC}") = "Avaliacao", "Avaliacao\Avaliacao.csproj", "{88C3AE01-208C-43AE-933E-1E03BEA74FED}"
EndProject
Global
	GlobalSection(SolutionConfigurationPlatforms) = preSolution
		Debug|Any CPU = Debug|Any CPU
		Release|Any CPU = Release|Any CPU
	EndGlobalSection
	GlobalSection(ProjectConfigurationPlatforms) = postSolution
		{88C3AE01-208C-43AE-933E-1E03BEA74FED}.Debug|Any CPU.ActiveCfg = Debug|Any CPU
		{88C3AE01-208C-43AE-933E-1E03BEA74FED}.Debug|Any CPU.Build.0 = Debug|Any CPU
		{88C3AE01-208C-43AE-933E-1E03BEA74FED}.Release|Any CPU.ActiveCfg = Release|Any CPU
		{88C3AE01-208C-43AE-933E-1E03BEA74FED}.Release|Any CPU.Build.0 = Release|Any CPU
	EndGlobalSection
	GlobalSection(SolutionProperties) = preSolution
		HideSolutionNode = FALSE
	EndGlobalSection
	GlobalSection(ExtensibilityGlobals) = postSolution
		SolutionGuid = {98E380AB-576F-49B5-87DF-76EE30EB1117}
	EndGlobalSection
EndGlobal
